
Microsoft Visual Studio Solution File, Format Version 12.00
# Visual Studio Version 17
VisualStudioVersion = 17.11.35327.3
MinimumVisualStudioVersion = 10.0.40219.1
Project("{FAE04EC0-301F-11D3-BF4B-00C04F79EFBC}") = "proyect", "proyect\proyect.csproj", "{20A83EAB-1032-4703-9F96-642E34A3E278}"
EndProject
Global
	GlobalSection(SolutionConfigurationPlatforms) = preSolution
		Debug|Any CPU = Debug|Any CPU
		Release|Any CPU = Release|Any CPU
	EndGlobalSection
	GlobalSection(ProjectConfigurationPlatforms) = postSolution
		{20A83EAB-1032-4703-9F96-642E34A3E278}.Debug|Any CPU.ActiveCfg = Debug|Any CPU
		{20A83EAB-1032-4703-9F96-642E34A3E278}.Debug|Any CPU.Build.0 = Debug|Any CPU
		{20A83EAB-1032-4703-9F96-642E34A3E278}.Release|Any CPU.ActiveCfg = Release|Any CPU
		{20A83EAB-1032-4703-9F96-642E34A3E278}.Release|Any CPU.Build.0 = Release|Any CPU
	EndGlobalSection
	GlobalSection(SolutionProperties) = preSolution
		HideSolutionNode = FALSE
	EndGlobalSection
	GlobalSection(ExtensibilityGlobals) = postSolution
		SolutionGuid = {536F8128-FF2A-4690-9D7E-E1AC5B99DCFE}
	EndGlobalSection
EndGlobal
